
Microsoft Visual Studio Solution File, Format Version 12.00
# Visual Studio Version 17
VisualStudioVersion = 17.8.34330.188
MinimumVisualStudioVersion = 10.0.40219.1
Project("{FAE04EC0-301F-11D3-BF4B-00C04F79EFBC}") = "Sistema de Vendas", "Sistema de Vendas.csproj", "{B5CE7BE8-9F45-4C92-9292-2501B75A0862}"
EndProject
Global
	GlobalSection(SolutionConfigurationPlatforms) = preSolution
		Debug|Any CPU = Debug|Any CPU
		Release|Any CPU = Release|Any CPU
	EndGlobalSection
	GlobalSection(ProjectConfigurationPlatforms) = postSolution
		{B5CE7BE8-9F45-4C92-9292-2501B75A0862}.Debug|Any CPU.ActiveCfg = Debug|Any CPU
		{B5CE7BE8-9F45-4C92-9292-2501B75A0862}.Debug|Any CPU.Build.0 = Debug|Any CPU
		{B5CE7BE8-9F45-4C92-9292-2501B75A0862}.Release|Any CPU.ActiveCfg = Release|Any CPU
		{B5CE7BE8-9F45-4C92-9292-2501B75A0862}.Release|Any CPU.Build.0 = Release|Any CPU
	EndGlobalSection
	GlobalSection(SolutionProperties) = preSolution
		HideSolutionNode = FALSE
	EndGlobalSection
	GlobalSection(ExtensibilityGlobals) = postSolution
		SolutionGuid = {3B81963C-DC95-4753-8727-409986F479CA}
	EndGlobalSection
EndGlobal
